
Microsoft Visual Studio Solution File, Format Version 12.00
# Visual Studio Version 17
VisualStudioVersion = 17.14.36518.9 d17.14
MinimumVisualStudioVersion = 10.0.40219.1
Project("{FAE04EC0-301F-11D3-BF4B-00C04F79EFBC}") = "Sistema_De_Ventas_Inteligente", "Sistema_De_Ventas_Inteligente\Sistema_De_Ventas_Inteligente.csproj", "{2F8C0084-DD8B-4600-B9A1-EC68CF1D01BE}"
EndProject
Global
	GlobalSection(SolutionConfigurationPlatforms) = preSolution
		Debug|Any CPU = Debug|Any CPU
		Release|Any CPU = Release|Any CPU
	EndGlobalSection
	GlobalSection(ProjectConfigurationPlatforms) = postSolution
		{2F8C0084-DD8B-4600-B9A1-EC68CF1D01BE}.Debug|Any CPU.ActiveCfg = Debug|Any CPU
		{2F8C0084-DD8B-4600-B9A1-EC68CF1D01BE}.Debug|Any CPU.Build.0 = Debug|Any CPU
		{2F8C0084-DD8B-4600-B9A1-EC68CF1D01BE}.Release|Any CPU.ActiveCfg = Release|Any CPU
		{2F8C0084-DD8B-4600-B9A1-EC68CF1D01BE}.Release|Any CPU.Build.0 = Release|Any CPU
	EndGlobalSection
	GlobalSection(SolutionProperties) = preSolution
		HideSolutionNode = FALSE
	EndGlobalSection
	GlobalSection(ExtensibilityGlobals) = postSolution
		SolutionGuid = {5E586945-8862-4B3F-B859-28435E737BE3}
	EndGlobalSection
EndGlobal
